
Microsoft Visual Studio Solution File, Format Version 12.00
# Visual Studio 15
VisualStudioVersion = 15.0.27004.2009
MinimumVisualStudioVersion = 10.0.40219.1
Project("{FAE04EC0-301F-11D3-BF4B-00C04F79EFBC}") = "Zaaby.DFS.FastDfsProvider", "Zaaby.DFS.FastDfsProvider\Zaaby.DFS.FastDfsProvider.csproj", "{195EF96D-E227-4F15-BD43-AA1A720B4F3D}"
EndProject
Project("{FAE04EC0-301F-11D3-BF4B-00C04F79EFBC}") = "UnitTest", "UnitTest\UnitTest.csproj", "{906725E5-30E1-4B84-AC8E-3F4B862FCC4F}"
EndProject
Project("{FAE04EC0-301F-11D3-BF4B-00C04F79EFBC}") = "Demo", "Demo\Demo.csproj", "{8E25F5E9-8D6D-49E3-94D6-2B0DA0E01B71}"
EndProject
Global
	GlobalSection(SolutionConfigurationPlatforms) = preSolution
		Debug|Any CPU = Debug|Any CPU
		Release|Any CPU = Release|Any CPU
	EndGlobalSection
	GlobalSection(ProjectConfigurationPlatforms) = postSolution
		{195EF96D-E227-4F15-BD43-AA1A720B4F3D}.Debug|Any CPU.ActiveCfg = Debug|Any CPU
		{195EF96D-E227-4F15-BD43-AA1A720B4F3D}.Debug|Any CPU.Build.0 = Debug|Any CPU
		{195EF96D-E227-4F15-BD43-AA1A720B4F3D}.Release|Any CPU.ActiveCfg = Release|Any CPU
		{195EF96D-E227-4F15-BD43-AA1A720B4F3D}.Release|Any CPU.Build.0 = Release|Any CPU
		{906725E5-30E1-4B84-AC8E-3F4B862FCC4F}.Debug|Any CPU.ActiveCfg = Debug|Any CPU
		{906725E5-30E1-4B84-AC8E-3F4B862FCC4F}.Debug|Any CPU.Build.0 = Debug|Any CPU
		{906725E5-30E1-4B84-AC8E-3F4B862FCC4F}.Release|Any CPU.ActiveCfg = Release|Any CPU
		{906725E5-30E1-4B84-AC8E-3F4B862FCC4F}.Release|Any CPU.Build.0 = Release|Any CPU
		{8E25F5E9-8D6D-49E3-94D6-2B0DA0E01B71}.Debug|Any CPU.ActiveCfg = Debug|Any CPU
		{8E25F5E9-8D6D-49E3-94D6-2B0DA0E01B71}.Debug|Any CPU.Build.0 = Debug|Any CPU
		{8E25F5E9-8D6D-49E3-94D6-2B0DA0E01B71}.Release|Any CPU.ActiveCfg = Release|Any CPU
		{8E25F5E9-8D6D-49E3-94D6-2B0DA0E01B71}.Release|Any CPU.Build.0 = Release|Any CPU
	EndGlobalSection
	GlobalSection(SolutionProperties) = preSolution
		HideSolutionNode = FALSE
	EndGlobalSection
	GlobalSection(ExtensibilityGlobals) = postSolution
		SolutionGuid = {D80DA0A1-BCDF-46D1-BCD3-5C7A038121AF}
	EndGlobalSection
EndGlobal
